
Microsoft Visual Studio Solution File, Format Version 12.00
# Visual Studio 2013
VisualStudioVersion = 12.0.31101.0
MinimumVisualStudioVersion = 10.0.40219.1
Project("{FAE04EC0-301F-11D3-BF4B-00C04F79EFBC}") = "HackerCup", "src\HackerCup\HackerCup.csproj", "{345E2834-398A-454F-B03A-F952BAB2053A}"
EndProject
Project("{FAE04EC0-301F-11D3-BF4B-00C04F79EFBC}") = "Cmn", "src\Cmn\Cmn.csproj", "{839BB210-4DF4-4575-A3BE-5CC38447B568}"
EndProject
Global
	GlobalSection(SolutionConfigurationPlatforms) = preSolution
		Debug|Any CPU = Debug|Any CPU
		DebugWithCheck|Any CPU = DebugWithCheck|Any CPU
		Release|Any CPU = Release|Any CPU
	EndGlobalSection
	GlobalSection(ProjectConfigurationPlatforms) = postSolution
		{345E2834-398A-454F-B03A-F952BAB2053A}.Debug|Any CPU.ActiveCfg = Debug|Any CPU
		{345E2834-398A-454F-B03A-F952BAB2053A}.Debug|Any CPU.Build.0 = Debug|Any CPU
		{345E2834-398A-454F-B03A-F952BAB2053A}.DebugWithCheck|Any CPU.ActiveCfg = Debug|Any CPU
		{345E2834-398A-454F-B03A-F952BAB2053A}.DebugWithCheck|Any CPU.Build.0 = Debug|Any CPU
		{345E2834-398A-454F-B03A-F952BAB2053A}.Release|Any CPU.ActiveCfg = Release|Any CPU
		{345E2834-398A-454F-B03A-F952BAB2053A}.Release|Any CPU.Build.0 = Release|Any CPU
		{839BB210-4DF4-4575-A3BE-5CC38447B568}.Debug|Any CPU.ActiveCfg = Debug|Any CPU
		{839BB210-4DF4-4575-A3BE-5CC38447B568}.Debug|Any CPU.Build.0 = Debug|Any CPU
		{839BB210-4DF4-4575-A3BE-5CC38447B568}.DebugWithCheck|Any CPU.ActiveCfg = DebugWithCheck|Any CPU
		{839BB210-4DF4-4575-A3BE-5CC38447B568}.DebugWithCheck|Any CPU.Build.0 = DebugWithCheck|Any CPU
		{839BB210-4DF4-4575-A3BE-5CC38447B568}.Release|Any CPU.ActiveCfg = Release|Any CPU
		{839BB210-4DF4-4575-A3BE-5CC38447B568}.Release|Any CPU.Build.0 = Release|Any CPU
	EndGlobalSection
	GlobalSection(SolutionProperties) = preSolution
		HideSolutionNode = FALSE
	EndGlobalSection
EndGlobal
