
Microsoft Visual Studio Solution File, Format Version 12.00
# Visual Studio 14
VisualStudioVersion = 14.0.24720.0
MinimumVisualStudioVersion = 10.0.40219.1
Project("{FAE04EC0-301F-11D3-BF4B-00C04F79EFBC}") = "Gcj", "src\Gcj\Gcj.csproj", "{B2DEB36A-2CDD-4780-9B8D-598F85C0BC3F}"
EndProject
Project("{FAE04EC0-301F-11D3-BF4B-00C04F79EFBC}") = "Cmn", "src\Cmn\Cmn.csproj", "{839BB210-4DF4-4575-A3BE-5CC38447B568}"
EndProject
Project("{FAE04EC0-301F-11D3-BF4B-00C04F79EFBC}") = "GcjOld", "src\GcjOld\GcjOld.csproj", "{D5FB31F6-4B4C-4C3A-8CE8-027B910A5DDE}"
EndProject
Global
	GlobalSection(SolutionConfigurationPlatforms) = preSolution
		Debug|Any CPU = Debug|Any CPU
		Debug|Mixed Platforms = Debug|Mixed Platforms
		Debug|x86 = Debug|x86
		Release|Any CPU = Release|Any CPU
		Release|Mixed Platforms = Release|Mixed Platforms
		Release|x86 = Release|x86
	EndGlobalSection
	GlobalSection(ProjectConfigurationPlatforms) = postSolution
		{B2DEB36A-2CDD-4780-9B8D-598F85C0BC3F}.Debug|Any CPU.ActiveCfg = Debug|Any CPU
		{B2DEB36A-2CDD-4780-9B8D-598F85C0BC3F}.Debug|Any CPU.Build.0 = Debug|Any CPU
		{B2DEB36A-2CDD-4780-9B8D-598F85C0BC3F}.Debug|Mixed Platforms.ActiveCfg = Debug|x86
		{B2DEB36A-2CDD-4780-9B8D-598F85C0BC3F}.Debug|Mixed Platforms.Build.0 = Debug|x86
		{B2DEB36A-2CDD-4780-9B8D-598F85C0BC3F}.Debug|x86.ActiveCfg = Debug|x86
		{B2DEB36A-2CDD-4780-9B8D-598F85C0BC3F}.Debug|x86.Build.0 = Debug|x86
		{B2DEB36A-2CDD-4780-9B8D-598F85C0BC3F}.Release|Any CPU.ActiveCfg = Release|x86
		{B2DEB36A-2CDD-4780-9B8D-598F85C0BC3F}.Release|Mixed Platforms.ActiveCfg = Release|x86
		{B2DEB36A-2CDD-4780-9B8D-598F85C0BC3F}.Release|Mixed Platforms.Build.0 = Release|x86
		{B2DEB36A-2CDD-4780-9B8D-598F85C0BC3F}.Release|x86.ActiveCfg = Release|x86
		{B2DEB36A-2CDD-4780-9B8D-598F85C0BC3F}.Release|x86.Build.0 = Release|x86
		{839BB210-4DF4-4575-A3BE-5CC38447B568}.Debug|Any CPU.ActiveCfg = DebugWithCheck|Any CPU
		{839BB210-4DF4-4575-A3BE-5CC38447B568}.Debug|Any CPU.Build.0 = DebugWithCheck|Any CPU
		{839BB210-4DF4-4575-A3BE-5CC38447B568}.Debug|Mixed Platforms.ActiveCfg = Debug|Any CPU
		{839BB210-4DF4-4575-A3BE-5CC38447B568}.Debug|Mixed Platforms.Build.0 = Debug|Any CPU
		{839BB210-4DF4-4575-A3BE-5CC38447B568}.Debug|x86.ActiveCfg = Debug|Any CPU
		{839BB210-4DF4-4575-A3BE-5CC38447B568}.Release|Any CPU.ActiveCfg = Release|Any CPU
		{839BB210-4DF4-4575-A3BE-5CC38447B568}.Release|Any CPU.Build.0 = Release|Any CPU
		{839BB210-4DF4-4575-A3BE-5CC38447B568}.Release|Mixed Platforms.ActiveCfg = Release|Any CPU
		{839BB210-4DF4-4575-A3BE-5CC38447B568}.Release|Mixed Platforms.Build.0 = Release|Any CPU
		{839BB210-4DF4-4575-A3BE-5CC38447B568}.Release|x86.ActiveCfg = Release|Any CPU
		{D5FB31F6-4B4C-4C3A-8CE8-027B910A5DDE}.Debug|Any CPU.ActiveCfg = Debug|Any CPU
		{D5FB31F6-4B4C-4C3A-8CE8-027B910A5DDE}.Debug|Any CPU.Build.0 = Debug|Any CPU
		{D5FB31F6-4B4C-4C3A-8CE8-027B910A5DDE}.Debug|Mixed Platforms.ActiveCfg = Debug|Any CPU
		{D5FB31F6-4B4C-4C3A-8CE8-027B910A5DDE}.Debug|Mixed Platforms.Build.0 = Debug|Any CPU
		{D5FB31F6-4B4C-4C3A-8CE8-027B910A5DDE}.Debug|x86.ActiveCfg = Debug|Any CPU
		{D5FB31F6-4B4C-4C3A-8CE8-027B910A5DDE}.Release|Any CPU.ActiveCfg = Release|Any CPU
		{D5FB31F6-4B4C-4C3A-8CE8-027B910A5DDE}.Release|Any CPU.Build.0 = Release|Any CPU
		{D5FB31F6-4B4C-4C3A-8CE8-027B910A5DDE}.Release|Mixed Platforms.ActiveCfg = Release|Any CPU
		{D5FB31F6-4B4C-4C3A-8CE8-027B910A5DDE}.Release|Mixed Platforms.Build.0 = Release|Any CPU
		{D5FB31F6-4B4C-4C3A-8CE8-027B910A5DDE}.Release|x86.ActiveCfg = Release|Any CPU
	EndGlobalSection
	GlobalSection(SolutionProperties) = preSolution
		HideSolutionNode = FALSE
	EndGlobalSection
EndGlobal
